// !$*UTF8*$!
{
	archiveVersion = 1;
	classes = {
	};
	objectVersion = 46;
	objects = {

/* Begin PBXBuildFile section */
		A6E92DF11AB90FF400B05A8F /* main.m in Sources */ = {isa = PBXBuildFile; fileRef = A6E92DF01AB90FF400B05A8F /* main.m */; };
		A6E92DF41AB90FF400B05A8F /* AppDelegate.m in Sources */ = {isa = PBXBuildFile; fileRef = A6E92DF31AB90FF400B05A8F /* AppDelegate.m */; };
		A6E92DF71AB90FF400B05A8F /* ViewController.m in Sources */ = {isa = PBXBuildFile; fileRef = A6E92DF61AB90FF400B05A8F /* ViewController.m */; };
		A6E92DFA1AB90FF400B05A8F /* Main.storyboard in Resources */ = {isa = PBXBuildFile; fileRef = A6E92DF81AB90FF400B05A8F /* Main.storyboard */; };
		A6E92DFC1AB90FF400B05A8F /* Images.xcassets in Resources */ = {isa = PBXBuildFile; fileRef = A6E92DFB1AB90FF400B05A8F /* Images.xcassets */; };
		A6E92DFF1AB90FF400B05A8F /* LaunchScreen.xib in Resources */ = {isa = PBXBuildFile; fileRef = A6E92DFD1AB90FF400B05A8F /* LaunchScreen.xib */; };
		A6E92E0B1AB90FF400B05A8F /* LightroomTeacherTests.m in Sources */ = {isa = PBXBuildFile; fileRef = A6E92E0A1AB90FF400B05A8F /* LightroomTeacherTests.m */; };
		A6E92E151AB911FD00B05A8F /* adobe_lightroom-library_view.png in Resources */ = {isa = PBXBuildFile; fileRef = A6E92E141AB911FD00B05A8F /* adobe_lightroom-library_view.png */; };
		A6E92E1A1AB91F3F00B05A8F /* movie.mov in Resources */ = {isa = PBXBuildFile; fileRef = A6E92E191AB91F3F00B05A8F /* movie.mov */; };
/* End PBXBuildFile section */

/* Begin PBXContainerItemProxy section */
		A6E92E051AB90FF400B05A8F /* PBXContainerItemProxy */ = {
			isa = PBXContainerItemProxy;
			containerPortal = A6E92DE31AB90FF400B05A8F /* Project object */;
			proxyType = 1;
			remoteGlobalIDString = A6E92DEA1AB90FF400B05A8F;
			remoteInfo = LightroomTeacher;
		};
/* End PBXContainerItemProxy section */

/* Begin PBXFileReference section */
		A6E92DEB1AB90FF400B05A8F /* LightroomTeacher.app */ = {isa = PBXFileReference; explicitFileType = wrapper.application; includeInIndex = 0; path = LightroomTeacher.app; sourceTree = BUILT_PRODUCTS_DIR; };
		A6E92DEF1AB90FF400B05A8F /* Info.plist */ = {isa = PBXFileReference; lastKnownFileType = text.plist.xml; path = Info.plist; sourceTree = "<group>"; };
		A6E92DF01AB90FF400B05A8F /* main.m */ = {isa = PBXFileReference; lastKnownFileType = sourcecode.c.objc; path = main.m; sourceTree = "<group>"; };
		A6E92DF21AB90FF400B05A8F /* AppDelegate.h */ = {isa = PBXFileReference; lastKnownFileType = sourcecode.c.h; path = AppDelegate.h; sourceTree = "<group>"; };
		A6E92DF31AB90FF400B05A8F /* AppDelegate.m */ = {isa = PBXFileReference; lastKnownFileType = sourcecode.c.objc; path = AppDelegate.m; sourceTree = "<group>"; };
		A6E92DF51AB90FF400B05A8F /* ViewController.h */ = {isa = PBXFileReference; lastKnownFileType = sourcecode.c.h; path = ViewController.h; sourceTree = "<group>"; };
		A6E92DF61AB90FF400B05A8F /* ViewController.m */ = {isa = PBXFileReference; lastKnownFileType = sourcecode.c.objc; path = ViewController.m; sourceTree = "<group>"; };
		A6E92DF91AB90FF400B05A8F /* Base */ = {isa = PBXFileReference; lastKnownFileType = file.storyboard; name = Base; path = Base.lproj/Main.storyboard; sourceTree = "<group>"; };
		A6E92DFB1AB90FF400B05A8F /* Images.xcassets */ = {isa = PBXFileReference; lastKnownFileType = folder.assetcatalog; path = Images.xcassets; sourceTree = "<group>"; };
		A6E92DFE1AB90FF400B05A8F /* Base */ = {isa = PBXFileReference; lastKnownFileType = file.xib; name = Base; path = Base.lproj/LaunchScreen.xib; sourceTree = "<group>"; };
		A6E92E041AB90FF400B05A8F /* LightroomTeacherTests.xctest */ = {isa = PBXFileReference; explicitFileType = wrapper.cfbundle; includeInIndex = 0; path = LightroomTeacherTests.xctest; sourceTree = BUILT_PRODUCTS_DIR; };
		A6E92E091AB90FF400B05A8F /* Info.plist */ = {isa = PBXFileReference; lastKnownFileType = text.plist.xml; path = Info.plist; sourceTree = "<group>"; };
		A6E92E0A1AB90FF400B05A8F /* LightroomTeacherTests.m */ = {isa = PBXFileReference; lastKnownFileType = sourcecode.c.objc; path = LightroomTeacherTests.m; sourceTree = "<group>"; };
		A6E92E141AB911FD00B05A8F /* adobe_lightroom-library_view.png */ = {isa = PBXFileReference; lastKnownFileType = image.png; path = "adobe_lightroom-library_view.png"; sourceTree = "<group>"; };
		A6E92E191AB91F3F00B05A8F /* movie.mov */ = {isa = PBXFileReference; lastKnownFileType = video.quicktime; path = movie.mov; sourceTree = "<group>"; };
/* End PBXFileReference section */

/* Begin PBXFrameworksBuildPhase section */
		A6E92DE81AB90FF400B05A8F /* Frameworks */ = {
			isa = PBXFrameworksBuildPhase;
			buildActionMask = 2147483647;
			files = (
			);
			runOnlyForDeploymentPostprocessing = 0;
		};
		A6E92E011AB90FF400B05A8F /* Frameworks */ = {
			isa = PBXFrameworksBuildPhase;
			buildActionMask = 2147483647;
			files = (
			);
			runOnlyForDeploymentPostprocessing = 0;
		};
/* End PBXFrameworksBuildPhase section */

/* Begin PBXGroup section */
		A6E92DE21AB90FF400B05A8F = {
			isa = PBXGroup;
			children = (
				A6E92DED1AB90FF400B05A8F /* LightroomTeacher */,
				A6E92E071AB90FF400B05A8F /* LightroomTeacherTests */,
				A6E92DEC1AB90FF400B05A8F /* Products */,
			);
			sourceTree = "<group>";
		};
		A6E92DEC1AB90FF400B05A8F /* Products */ = {
			isa = PBXGroup;
			children = (
				A6E92DEB1AB90FF400B05A8F /* LightroomTeacher.app */,
				A6E92E041AB90FF400B05A8F /* LightroomTeacherTests.xctest */,
			);
			name = Products;
			sourceTree = "<group>";
		};
		A6E92DED1AB90FF400B05A8F /* LightroomTeacher */ = {
			isa = PBXGroup;
			children = (
				A6E92DF21AB90FF400B05A8F /* AppDelegate.h */,
				A6E92DF31AB90FF400B05A8F /* AppDelegate.m */,
				A6E92DF51AB90FF400B05A8F /* ViewController.h */,
				A6E92DF61AB90FF400B05A8F /* ViewController.m */,
				A6E92DF81AB90FF400B05A8F /* Main.storyboard */,
				A6E92DFB1AB90FF400B05A8F /* Images.xcassets */,
				A6E92DFD1AB90FF400B05A8F /* LaunchScreen.xib */,
				A6E92DEE1AB90FF400B05A8F /* Supporting Files */,
			);
			path = LightroomTeacher;
			sourceTree = "<group>";
		};
		A6E92DEE1AB90FF400B05A8F /* Supporting Files */ = {
			isa = PBXGroup;
			children = (
				A6E92E191AB91F3F00B05A8F /* movie.mov */,
				A6E92E141AB911FD00B05A8F /* adobe_lightroom-library_view.png */,
				A6E92DEF1AB90FF400B05A8F /* Info.plist */,
				A6E92DF01AB90FF400B05A8F /* main.m */,
			);
			name = "Supporting Files";
			sourceTree = "<group>";
		};
		A6E92E071AB90FF400B05A8F /* LightroomTeacherTests */ = {
			isa = PBXGroup;
			children = (
				A6E92E0A1AB90FF400B05A8F /* LightroomTeacherTests.m */,
				A6E92E081AB90FF400B05A8F /* Supporting Files */,
			);
			path = LightroomTeacherTests;
			sourceTree = "<group>";
		};
		A6E92E081AB90FF400B05A8F /* Supporting Files */ = {
			isa = PBXGroup;
			children = (
				A6E92E091AB90FF400B05A8F /* Info.plist */,
			);
			name = "Supporting Files";
			sourceTree = "<group>";
		};
/* End PBXGroup section */

/* Begin PBXNativeTarget section */
		A6E92DEA1AB90FF400B05A8F /* LightroomTeacher */ = {
			isa = PBXNativeTarget;
			buildConfigurationList = A6E92E0E1AB90FF400B05A8F /* Build configuration list for PBXNativeTarget "LightroomTeacher" */;
			buildPhases = (
				A6E92DE71AB90FF400B05A8F /* Sources */,
				A6E92DE81AB90FF400B05A8F /* Frameworks */,
				A6E92DE91AB90FF400B05A8F /* Resources */,
			);
			buildRules = (
			);
			dependencies = (
			);
			name = LightroomTeacher;
			productName = LightroomTeacher;
			productReference = A6E92DEB1AB90FF400B05A8F /* LightroomTeacher.app */;
			productType = "com.apple.product-type.application";
		};
		A6E92E031AB90FF400B05A8F /* LightroomTeacherTests */ = {
			isa = PBXNativeTarget;
			buildConfigurationList = A6E92E111AB90FF400B05A8F /* Build configuration list for PBXNativeTarget "LightroomTeacherTests" */;
			buildPhases = (
				A6E92E001AB90FF400B05A8F /* Sources */,
				A6E92E011AB90FF400B05A8F /* Frameworks */,
				A6E92E021AB90FF400B05A8F /* Resources */,
			);
			buildRules = (
			);
			dependencies = (
				A6E92E061AB90FF400B05A8F /* PBXTargetDependency */,
			);
			name = LightroomTeacherTests;
			productName = LightroomTeacherTests;
			productReference = A6E92E041AB90FF400B05A8F /* LightroomTeacherTests.xctest */;
			productType = "com.apple.product-type.bundle.unit-test";
		};
/* End PBXNativeTarget section */

/* Begin PBXProject section */
		A6E92DE31AB90FF400B05A8F /* Project object */ = {
			isa = PBXProject;
			attributes = {
				LastUpgradeCheck = 0620;
				ORGANIZATIONNAME = "Hollow Leg";
				TargetAttributes = {
					A6E92DEA1AB90FF400B05A8F = {
						CreatedOnToolsVersion = 6.2;
					};
					A6E92E031AB90FF400B05A8F = {
						CreatedOnToolsVersion = 6.2;
						TestTargetID = A6E92DEA1AB90FF400B05A8F;
					};
				};
			};
			buildConfigurationList = A6E92DE61AB90FF400B05A8F /* Build configuration list for PBXProject "LightroomTeacher" */;
			compatibilityVersion = "Xcode 3.2";
			developmentRegion = English;
			hasScannedForEncodings = 0;
			knownRegions = (
				en,
				Base,
			);
			mainGroup = A6E92DE21AB90FF400B05A8F;
			productRefGroup = A6E92DEC1AB90FF400B05A8F /* Products */;
			projectDirPath = "";
			projectRoot = "";
			targets = (
				A6E92DEA1AB90FF400B05A8F /* LightroomTeacher */,
				A6E92E031AB90FF400B05A8F /* LightroomTeacherTests */,
			);
		};
/* End PBXProject section */

/* Begin PBXResourcesBuildPhase section */
		A6E92DE91AB90FF400B05A8F /* Resources */ = {
			isa = PBXResourcesBuildPhase;
			buildActionMask = 2147483647;
			files = (
				A6E92E151AB911FD00B05A8F /* adobe_lightroom-library_view.png in Resources */,
				A6E92E1A1AB91F3F00B05A8F /* movie.mov in Resources */,
				A6E92DFA1AB90FF400B05A8F /* Main.storyboard in Resources */,
				A6E92DFF1AB90FF400B05A8F /* LaunchScreen.xib in Resources */,
				A6E92DFC1AB90FF400B05A8F /* Images.xcassets in Resources */,
			);
			runOnlyForDeploymentPostprocessing = 0;
		};
		A6E92E021AB90FF400B05A8F /* Resources */ = {
			isa = PBXResourcesBuildPhase;
			buildActionMask = 2147483647;
			files = (
			);
			runOnlyForDeploymentPostprocessing = 0;
		};
/* End PBXResourcesBuildPhase section */

/* Begin PBXSourcesBuildPhase section */
		A6E92DE71AB90FF400B05A8F /* Sources */ = {
			isa = PBXSourcesBuildPhase;
			buildActionMask = 2147483647;
			files = (
				A6E92DF71AB90FF400B05A8F /* ViewController.m in Sources */,
				A6E92DF41AB90FF400B05A8F /* AppDelegate.m in Sources */,
				A6E92DF11AB90FF400B05A8F /* main.m in Sources */,
			);
			runOnlyForDeploymentPostprocessing = 0;
		};
		A6E92E001AB90FF400B05A8F /* Sources */ = {
			isa = PBXSourcesBuildPhase;
			buildActionMask = 2147483647;
			files = (
				A6E92E0B1AB90FF400B05A8F /* LightroomTeacherTests.m in Sources */,
			);
			runOnlyForDeploymentPostprocessing = 0;
		};
/* End PBXSourcesBuildPhase section */

/* Begin PBXTargetDependency section */
		A6E92E061AB90FF400B05A8F /* PBXTargetDependency */ = {
			isa = PBXTargetDependency;
			target = A6E92DEA1AB90FF400B05A8F /* LightroomTeacher */;
			targetProxy = A6E92E051AB90FF400B05A8F /* PBXContainerItemProxy */;
		};
/* End PBXTargetDependency section */

/* Begin PBXVariantGroup section */
		A6E92DF81AB90FF400B05A8F /* Main.storyboard */ = {
			isa = PBXVariantGroup;
			children = (
				A6E92DF91AB90FF400B05A8F /* Base */,
			);
			name = Main.storyboard;
			sourceTree = "<group>";
		};
		A6E92DFD1AB90FF400B05A8F /* LaunchScreen.xib */ = {
			isa = PBXVariantGroup;
			children = (
				A6E92DFE1AB90FF400B05A8F /* Base */,
			);
			name = LaunchScreen.xib;
			sourceTree = "<group>";
		};
/* End PBXVariantGroup section */

/* Begin XCBuildConfiguration section */
		A6E92E0C1AB90FF400B05A8F /* Debug */ = {
			isa = XCBuildConfiguration;
			buildSettings = {
				ALWAYS_SEARCH_USER_PATHS = NO;
				CLANG_CXX_LANGUAGE_STANDARD = "gnu++0x";
				CLANG_CXX_LIBRARY = "libc++";
				CLANG_ENABLE_MODULES = YES;
				CLANG_ENABLE_OBJC_ARC = YES;
				CLANG_WARN_BOOL_CONVERSION = YES;
				CLANG_WARN_CONSTANT_CONVERSION = YES;
				CLANG_WARN_DIRECT_OBJC_ISA_USAGE = YES_ERROR;
				CLANG_WARN_EMPTY_BODY = YES;
				CLANG_WARN_ENUM_CONVERSION = YES;
				CLANG_WARN_INT_CONVERSION = YES;
				CLANG_WARN_OBJC_ROOT_CLASS = YES_ERROR;
				CLANG_WARN_UNREACHABLE_CODE = YES;
				CLANG_WARN__DUPLICATE_METHOD_MATCH = YES;
				"CODE_SIGN_IDENTITY[sdk=iphoneos*]" = "iPhone Developer";
				COPY_PHASE_STRIP = NO;
				ENABLE_STRICT_OBJC_MSGSEND = YES;
				GCC_C_LANGUAGE_STANDARD = gnu99;
				GCC_DYNAMIC_NO_PIC = NO;
				GCC_OPTIMIZATION_LEVEL = 0;
				GCC_PREPROCESSOR_DEFINITIONS = (
					"DEBUG=1",
					"$(inherited)",
				);
				GCC_SYMBOLS_PRIVATE_EXTERN = NO;
				GCC_WARN_64_TO_32_BIT_CONVERSION = YES;
				GCC_WARN_ABOUT_RETURN_TYPE = YES_ERROR;
				GCC_WARN_UNDECLARED_SELECTOR = YES;
				GCC_WARN_UNINITIALIZED_AUTOS = YES_AGGRESSIVE;
				GCC_WARN_UNUSED_FUNCTION = YES;
				GCC_WARN_UNUSED_VARIABLE = YES;
				IPHONEOS_DEPLOYMENT_TARGET = 8.2;
				MTL_ENABLE_DEBUG_INFO = YES;
				ONLY_ACTIVE_ARCH = YES;
				SDKROOT = iphoneos;
				TARGETED_DEVICE_FAMILY = "1,2";
			};
			name = Debug;
		};
		A6E92E0D1AB90FF400B05A8F /* Release */ = {
			isa = XCBuildConfiguration;
			buildSettings = {
				ALWAYS_SEARCH_USER_PATHS = NO;
				CLANG_CXX_LANGUAGE_STANDARD = "gnu++0x";
				CLANG_CXX_LIBRARY = "libc++";
				CLANG_ENABLE_MODULES = YES;
				CLANG_ENABLE_OBJC_ARC = YES;
				CLANG_WARN_BOOL_CONVERSION = YES;
				CLANG_WARN_CONSTANT_CONVERSION = YES;
				CLANG_WARN_DIRECT_OBJC_ISA_USAGE = YES_ERROR;
				CLANG_WARN_EMPTY_BODY = YES;
				CLANG_WARN_ENUM_CONVERSION = YES;
				CLANG_WARN_INT_CONVERSION = YES;
				CLANG_WARN_OBJC_ROOT_CLASS = YES_ERROR;
				CLANG_WARN_UNREACHABLE_CODE = YES;
				CLANG_WARN__DUPLICATE_METHOD_MATCH = YES;
				"CODE_SIGN_IDENTITY[sdk=iphoneos*]" = "iPhone Developer";
				COPY_PHASE_STRIP = NO;
				ENABLE_NS_ASSERTIONS = NO;
				ENABLE_STRICT_OBJC_MSGSEND = YES;
				GCC_C_LANGUAGE_STANDARD = gnu99;
				GCC_WARN_64_TO_32_BIT_CONVERSION = YES;
				GCC_WARN_ABOUT_RETURN_TYPE = YES_ERROR;
				GCC_WARN_UNDECLARED_SELECTOR = YES;
				GCC_WARN_UNINITIALIZED_AUTOS = YES_AGGRESSIVE;
				GCC_WARN_UNUSED_FUNCTION = YES;
				GCC_WARN_UNUSED_VARIABLE = YES;
				IPHONEOS_DEPLOYMENT_TARGET = 8.2;
				MTL_ENABLE_DEBUG_INFO = NO;
				SDKROOT = iphoneos;
				TARGETED_DEVICE_FAMILY = "1,2";
				VALIDATE_PRODUCT = YES;
			};
			name = Release;
		};
		A6E92E0F1AB90FF400B05A8F /* Debug */ = {
			isa = XCBuildConfiguration;
			buildSettings = {
				ASSETCATALOG_COMPILER_APPICON_NAME = AppIcon;
				INFOPLIST_FILE = LightroomTeacher/Info.plist;
				LD_RUNPATH_SEARCH_PATHS = "$(inherited) @executable_path/Frameworks";
				PRODUCT_NAME = "$(TARGET_NAME)";
			};
			name = Debug;
		};
		A6E92E101AB90FF400B05A8F /* Release */ = {
			isa = XCBuildConfiguration;
			buildSettings = {
				ASSETCATALOG_COMPILER_APPICON_NAME = AppIcon;
				INFOPLIST_FILE = LightroomTeacher/Info.plist;
				LD_RUNPATH_SEARCH_PATHS = "$(inherited) @executable_path/Frameworks";
				PRODUCT_NAME = "$(TARGET_NAME)";
			};
			name = Release;
		};
		A6E92E121AB90FF400B05A8F /* Debug */ = {
			isa = XCBuildConfiguration;
			buildSettings = {
				BUNDLE_LOADER = "$(TEST_HOST)";
				FRAMEWORK_SEARCH_PATHS = (
					"$(SDKROOT)/Developer/Library/Frameworks",
					"$(inherited)",
				);
				GCC_PREPROCESSOR_DEFINITIONS = (
					"DEBUG=1",
					"$(inherited)",
				);
				INFOPLIST_FILE = LightroomTeacherTests/Info.plist;
				LD_RUNPATH_SEARCH_PATHS = "$(inherited) @executable_path/Frameworks @loader_path/Frameworks";
				PRODUCT_NAME = "$(TARGET_NAME)";
				TEST_HOST = "$(BUILT_PRODUCTS_DIR)/LightroomTeacher.app/LightroomTeacher";
			};
			name = Debug;
		};
		A6E92E131AB90FF400B05A8F /* Release */ = {
			isa = XCBuildConfiguration;
			buildSettings = {
				BUNDLE_LOADER = "$(TEST_HOST)";
				FRAMEWORK_SEARCH_PATHS = (
					"$(SDKROOT)/Developer/Library/Frameworks",
					"$(inherited)",
				);
				INFOPLIST_FILE = LightroomTeacherTests/Info.plist;
				LD_RUNPATH_SEARCH_PATHS = "$(inherited) @executable_path/Frameworks @loader_path/Frameworks";
				PRODUCT_NAME = "$(TARGET_NAME)";
				TEST_HOST = "$(BUILT_PRODUCTS_DIR)/LightroomTeacher.app/LightroomTeacher";
			};
			name = Release;
		};
/* End XCBuildConfiguration section */

/* Begin XCConfigurationList section */
		A6E92DE61AB90FF400B05A8F /* Build configuration list for PBXProject "LightroomTeacher" */ = {
			isa = XCConfigurationList;
			buildConfigurations = (
				A6E92E0C1AB90FF400B05A8F /* Debug */,
				A6E92E0D1AB90FF400B05A8F /* Release */,
			);
			defaultConfigurationIsVisible = 0;
			defaultConfigurationName = Release;
		};
		A6E92E0E1AB90FF400B05A8F /* Build configuration list for PBXNativeTarget "LightroomTeacher" */ = {
			isa = XCConfigurationList;
			buildConfigurations = (
				A6E92E0F1AB90FF400B05A8F /* Debug */,
				A6E92E101AB90FF400B05A8F /* Release */,
			);
			defaultConfigurationIsVisible = 0;
		};
		A6E92E111AB90FF400B05A8F /* Build configuration list for PBXNativeTarget "LightroomTeacherTests" */ = {
			isa = XCConfigurationList;
			buildConfigurations = (
				A6E92E121AB90FF400B05A8F /* Debug */,
				A6E92E131AB90FF400B05A8F /* Release */,
			);
			defaultConfigurationIsVisible = 0;
		};
/* End XCConfigurationList section */
	};
	rootObject = A6E92DE31AB90FF400B05A8F /* Project object */;
}
